
Microsoft Visual Studio Solution File, Format Version 12.00
# Visual Studio 15
VisualStudioVersion = 15.0.27703.2018
MinimumVisualStudioVersion = 10.0.40219.1
Project("{9A19103F-16F7-4668-BE54-9A1E7A4F7556}") = "Ujin.Web", "Ujin.Web\Ujin.Web.csproj", "{C9C752D2-4153-4697-B0FF-E394F9F2E639}"
EndProject
Project("{9A19103F-16F7-4668-BE54-9A1E7A4F7556}") = "Ujin.Storage", "Ujin.Storage\Ujin.Storage.csproj", "{C16848E4-290A-4C2C-8181-A36355287C8E}"
EndProject
Project("{FAE04EC0-301F-11D3-BF4B-00C04F79EFBC}") = "Ujin.Domain", "Ujin.Domain\Ujin.Domain.csproj", "{F7FED872-AB2E-4FF5-846E-DD85412ED657}"
EndProject
Global
	GlobalSection(SolutionConfigurationPlatforms) = preSolution
		Debug|Any CPU = Debug|Any CPU
		Release|Any CPU = Release|Any CPU
	EndGlobalSection
	GlobalSection(ProjectConfigurationPlatforms) = postSolution
		{C9C752D2-4153-4697-B0FF-E394F9F2E639}.Debug|Any CPU.ActiveCfg = Debug|Any CPU
		{C9C752D2-4153-4697-B0FF-E394F9F2E639}.Debug|Any CPU.Build.0 = Debug|Any CPU
		{C9C752D2-4153-4697-B0FF-E394F9F2E639}.Release|Any CPU.ActiveCfg = Release|Any CPU
		{C9C752D2-4153-4697-B0FF-E394F9F2E639}.Release|Any CPU.Build.0 = Release|Any CPU
		{C16848E4-290A-4C2C-8181-A36355287C8E}.Debug|Any CPU.ActiveCfg = Debug|Any CPU
		{C16848E4-290A-4C2C-8181-A36355287C8E}.Debug|Any CPU.Build.0 = Debug|Any CPU
		{C16848E4-290A-4C2C-8181-A36355287C8E}.Release|Any CPU.ActiveCfg = Release|Any CPU
		{C16848E4-290A-4C2C-8181-A36355287C8E}.Release|Any CPU.Build.0 = Release|Any CPU
		{F7FED872-AB2E-4FF5-846E-DD85412ED657}.Debug|Any CPU.ActiveCfg = Debug|Any CPU
		{F7FED872-AB2E-4FF5-846E-DD85412ED657}.Debug|Any CPU.Build.0 = Debug|Any CPU
		{F7FED872-AB2E-4FF5-846E-DD85412ED657}.Release|Any CPU.ActiveCfg = Release|Any CPU
		{F7FED872-AB2E-4FF5-846E-DD85412ED657}.Release|Any CPU.Build.0 = Release|Any CPU
	EndGlobalSection
	GlobalSection(SolutionProperties) = preSolution
		HideSolutionNode = FALSE
	EndGlobalSection
	GlobalSection(ExtensibilityGlobals) = postSolution
		SolutionGuid = {DE341460-9041-458F-99D5-43FC7572CFA6}
	EndGlobalSection
EndGlobal
